
Microsoft Visual Studio Solution File, Format Version 12.00
# Visual Studio Version 17
VisualStudioVersion = 17.0.31903.59
MinimumVisualStudioVersion = 10.0.40219.1
Project("{FAE04EC0-301F-11D3-BF4B-00C04F79EFBC}") = "PermitTorch.Api", "PermitTorch.Api.csproj", "{866F6518-3967-462B-B3D2-FD55959C6CA8}"
EndProject
Project("{2150E333-8FDC-42A3-9474-1A3956D46DE8}") = "tests", "tests", "{0AB3BF05-4346-4AA6-1389-037BE0695223}"
EndProject
Project("{FAE04EC0-301F-11D3-BF4B-00C04F79EFBC}") = "PermitTorch.Api.Tests", "tests\PermitTorch.Api.Tests\PermitTorch.Api.Tests.csproj", "{2C591015-9A1E-4868-AD92-9D5629C96DDA}"
EndProject
Global
	GlobalSection(SolutionConfigurationPlatforms) = preSolution
		Debug|Any CPU = Debug|Any CPU
		Debug|x64 = Debug|x64
		Debug|x86 = Debug|x86
		Release|Any CPU = Release|Any CPU
		Release|x64 = Release|x64
		Release|x86 = Release|x86
	EndGlobalSection
	GlobalSection(ProjectConfigurationPlatforms) = postSolution
		{866F6518-3967-462B-B3D2-FD55959C6CA8}.Debug|Any CPU.ActiveCfg = Debug|Any CPU
		{866F6518-3967-462B-B3D2-FD55959C6CA8}.Debug|Any CPU.Build.0 = Debug|Any CPU
		{866F6518-3967-462B-B3D2-FD55959C6CA8}.Debug|x64.ActiveCfg = Debug|Any CPU
		{866F6518-3967-462B-B3D2-FD55959C6CA8}.Debug|x64.Build.0 = Debug|Any CPU
		{866F6518-3967-462B-B3D2-FD55959C6CA8}.Debug|x86.ActiveCfg = Debug|Any CPU
		{866F6518-3967-462B-B3D2-FD55959C6CA8}.Debug|x86.Build.0 = Debug|Any CPU
		{866F6518-3967-462B-B3D2-FD55959C6CA8}.Release|Any CPU.ActiveCfg = Release|Any CPU
		{866F6518-3967-462B-B3D2-FD55959C6CA8}.Release|Any CPU.Build.0 = Release|Any CPU
		{866F6518-3967-462B-B3D2-FD55959C6CA8}.Release|x64.ActiveCfg = Release|Any CPU
		{866F6518-3967-462B-B3D2-FD55959C6CA8}.Release|x64.Build.0 = Release|Any CPU
		{866F6518-3967-462B-B3D2-FD55959C6CA8}.Release|x86.ActiveCfg = Release|Any CPU
		{866F6518-3967-462B-B3D2-FD55959C6CA8}.Release|x86.Build.0 = Release|Any CPU
		{2C591015-9A1E-4868-AD92-9D5629C96DDA}.Debug|Any CPU.ActiveCfg = Debug|Any CPU
		{2C591015-9A1E-4868-AD92-9D5629C96DDA}.Debug|Any CPU.Build.0 = Debug|Any CPU
		{2C591015-9A1E-4868-AD92-9D5629C96DDA}.Debug|x64.ActiveCfg = Debug|Any CPU
		{2C591015-9A1E-4868-AD92-9D5629C96DDA}.Debug|x64.Build.0 = Debug|Any CPU
		{2C591015-9A1E-4868-AD92-9D5629C96DDA}.Debug|x86.ActiveCfg = Debug|Any CPU
		{2C591015-9A1E-4868-AD92-9D5629C96DDA}.Debug|x86.Build.0 = Debug|Any CPU
		{2C591015-9A1E-4868-AD92-9D5629C96DDA}.Release|Any CPU.ActiveCfg = Release|Any CPU
		{2C591015-9A1E-4868-AD92-9D5629C96DDA}.Release|Any CPU.Build.0 = Release|Any CPU
		{2C591015-9A1E-4868-AD92-9D5629C96DDA}.Release|x64.ActiveCfg = Release|Any CPU
		{2C591015-9A1E-4868-AD92-9D5629C96DDA}.Release|x64.Build.0 = Release|Any CPU
		{2C591015-9A1E-4868-AD92-9D5629C96DDA}.Release|x86.ActiveCfg = Release|Any CPU
		{2C591015-9A1E-4868-AD92-9D5629C96DDA}.Release|x86.Build.0 = Release|Any CPU
	EndGlobalSection
	GlobalSection(SolutionProperties) = preSolution
		HideSolutionNode = FALSE
	EndGlobalSection
	GlobalSection(NestedProjects) = preSolution
		{2C591015-9A1E-4868-AD92-9D5629C96DDA} = {0AB3BF05-4346-4AA6-1389-037BE0695223}
	EndGlobalSection
EndGlobal
